
Microsoft Visual Studio Solution File, Format Version 12.00
# Visual Studio Version 17
VisualStudioVersion = 17.5.33209.295
MinimumVisualStudioVersion = 10.0.40219.1
Project("{FAE04EC0-301F-11D3-BF4B-00C04F79EFBC}") = "AoC-2021-Day-1", "AoC-2021-Day-1.csproj", "{6697BAE9-4942-4928-A11C-1F8861253F94}"
EndProject
Project("{FAE04EC0-301F-11D3-BF4B-00C04F79EFBC}") = "AoC-2021-Day-1-Tests", "..\AoC-2021-Day-1-Tests\AoC-2021-Day-1-Tests.csproj", "{5267CC65-3ED6-4260-A542-EE30D771A414}"
EndProject
Global
	GlobalSection(SolutionConfigurationPlatforms) = preSolution
		Debug|Any CPU = Debug|Any CPU
		Release|Any CPU = Release|Any CPU
	EndGlobalSection
	GlobalSection(ProjectConfigurationPlatforms) = postSolution
		{6697BAE9-4942-4928-A11C-1F8861253F94}.Debug|Any CPU.ActiveCfg = Debug|Any CPU
		{6697BAE9-4942-4928-A11C-1F8861253F94}.Debug|Any CPU.Build.0 = Debug|Any CPU
		{6697BAE9-4942-4928-A11C-1F8861253F94}.Release|Any CPU.ActiveCfg = Release|Any CPU
		{6697BAE9-4942-4928-A11C-1F8861253F94}.Release|Any CPU.Build.0 = Release|Any CPU
		{5267CC65-3ED6-4260-A542-EE30D771A414}.Debug|Any CPU.ActiveCfg = Debug|Any CPU
		{5267CC65-3ED6-4260-A542-EE30D771A414}.Debug|Any CPU.Build.0 = Debug|Any CPU
		{5267CC65-3ED6-4260-A542-EE30D771A414}.Release|Any CPU.ActiveCfg = Release|Any CPU
		{5267CC65-3ED6-4260-A542-EE30D771A414}.Release|Any CPU.Build.0 = Release|Any CPU
	EndGlobalSection
	GlobalSection(SolutionProperties) = preSolution
		HideSolutionNode = FALSE
	EndGlobalSection
	GlobalSection(ExtensibilityGlobals) = postSolution
		SolutionGuid = {82462EF0-3505-4329-9D2C-CD4E449F1F89}
	EndGlobalSection
EndGlobal
